
Microsoft Visual Studio Solution File, Format Version 12.00
# Visual Studio Version 17
VisualStudioVersion = 17.11.35222.181
MinimumVisualStudioVersion = 10.0.40219.1
Project("{FAE04EC0-301F-11D3-BF4B-00C04F79EFBC}") = "ExploringActions", "ExploringActions\ExploringActions.csproj", "{88472B84-DD7F-4641-A775-F604BAEB0B37}"
EndProject
Project("{2150E333-8FDC-42A3-9474-1A3956D46DE8}") = "Solution Items", "Solution Items", "{F4FD00E5-F799-4BD5-9BF8-7020CFE7CC14}"
	ProjectSection(SolutionItems) = preProject
		.editorconfig = .editorconfig
	EndProjectSection
EndProject
Project("{FAE04EC0-301F-11D3-BF4B-00C04F79EFBC}") = "TestProjectExploringActions", "TestProjectExploringActions\TestProjectExploringActions.csproj", "{ECD48723-1962-4013-9608-3B56A0666B4E}"
EndProject
Global
	GlobalSection(SolutionConfigurationPlatforms) = preSolution
		Debug|Any CPU = Debug|Any CPU
		Release|Any CPU = Release|Any CPU
	EndGlobalSection
	GlobalSection(ProjectConfigurationPlatforms) = postSolution
		{88472B84-DD7F-4641-A775-F604BAEB0B37}.Debug|Any CPU.ActiveCfg = Debug|Any CPU
		{88472B84-DD7F-4641-A775-F604BAEB0B37}.Debug|Any CPU.Build.0 = Debug|Any CPU
		{88472B84-DD7F-4641-A775-F604BAEB0B37}.Release|Any CPU.ActiveCfg = Release|Any CPU
		{88472B84-DD7F-4641-A775-F604BAEB0B37}.Release|Any CPU.Build.0 = Release|Any CPU
		{ECD48723-1962-4013-9608-3B56A0666B4E}.Debug|Any CPU.ActiveCfg = Debug|Any CPU
		{ECD48723-1962-4013-9608-3B56A0666B4E}.Debug|Any CPU.Build.0 = Debug|Any CPU
		{ECD48723-1962-4013-9608-3B56A0666B4E}.Release|Any CPU.ActiveCfg = Release|Any CPU
		{ECD48723-1962-4013-9608-3B56A0666B4E}.Release|Any CPU.Build.0 = Release|Any CPU
	EndGlobalSection
	GlobalSection(SolutionProperties) = preSolution
		HideSolutionNode = FALSE
	EndGlobalSection
	GlobalSection(ExtensibilityGlobals) = postSolution
		SolutionGuid = {330FD225-ED02-47E3-B27A-5602EFF46FA4}
	EndGlobalSection
EndGlobal
